// !$*UTF8*$!
{
	archiveVersion = 1;
	classes = {
	};
	objectVersion = 46;
	objects = {

/* Begin PBXBuildFile section */
		4B1A91A71366FF1F0018E595 /* ndfa.cpp in Sources */ = {isa = PBXBuildFile; fileRef = 4B1A91A51366FF1F0018E595 /* ndfa.cpp */; };
		4B1A91A81366FF1F0018E595 /* ndfa.h in Headers */ = {isa = PBXBuildFile; fileRef = 4B1A91A61366FF1F0018E595 /* ndfa.h */; };
		4B1A91AC136707680018E595 /* accept_action.cpp in Sources */ = {isa = PBXBuildFile; fileRef = 4B1A91AA136707680018E595 /* accept_action.cpp */; };
		4B1A91AD136707680018E595 /* accept_action.h in Headers */ = {isa = PBXBuildFile; fileRef = 4B1A91AB136707680018E595 /* accept_action.h */; };
		4B1A91B413670BE30018E595 /* remapped_symbol_map.cpp in Sources */ = {isa = PBXBuildFile; fileRef = 4B1A91B213670BE30018E595 /* remapped_symbol_map.cpp */; };
		4B1A91B513670BE30018E595 /* remapped_symbol_map.h in Headers */ = {isa = PBXBuildFile; fileRef = 4B1A91B313670BE30018E595 /* remapped_symbol_map.h */; };
		4B1A91B8136720DE0018E595 /* dfa_symbol_deduplicate.cpp in Sources */ = {isa = PBXBuildFile; fileRef = 4B1A91B6136720DE0018E595 /* dfa_symbol_deduplicate.cpp */; };
		4B1A91BB136821CB0018E595 /* epsilon.cpp in Sources */ = {isa = PBXBuildFile; fileRef = 4B1A91B9136821CB0018E595 /* epsilon.cpp */; };
		4B1A91BC136821CB0018E595 /* epsilon.h in Headers */ = {isa = PBXBuildFile; fileRef = 4B1A91BA136821CB0018E595 /* epsilon.h */; };
		4B1A91C113682E050018E595 /* dfa_ndfa.cpp in Sources */ = {isa = PBXBuildFile; fileRef = 4B1A91BD13682AAF0018E595 /* dfa_ndfa.cpp */; };
		4B1A91C4136858720018E595 /* ndfa_regex.cpp in Sources */ = {isa = PBXBuildFile; fileRef = 4B1A91C2136858710018E595 /* ndfa_regex.cpp */; };
		4B1A91C5136858720018E595 /* ndfa_regex.h in Headers */ = {isa = PBXBuildFile; fileRef = 4B1A91C3136858720018E595 /* ndfa_regex.h */; };
		4B1A91C813687C1F0018E595 /* state_machine.cpp in Sources */ = {isa = PBXBuildFile; fileRef = 4B1A91C613687C1E0018E595 /* state_machine.cpp */; };
		4B1A91C913687C1F0018E595 /* state_machine.h in Headers */ = {isa = PBXBuildFile; fileRef = 4B1A91C713687C1E0018E595 /* state_machine.h */; };
		4B1A91CC13688F3B0018E595 /* symbol_translator.cpp in Sources */ = {isa = PBXBuildFile; fileRef = 4B1A91CA13688F3A0018E595 /* symbol_translator.cpp */; };
		4B1A91CD13688F3B0018E595 /* symbol_translator.h in Headers */ = {isa = PBXBuildFile; fileRef = 4B1A91CB13688F3A0018E595 /* symbol_translator.h */; };
		4B1A91D01368B8D70018E595 /* dfa_symbol_translator.cpp in Sources */ = {isa = PBXBuildFile; fileRef = 4B1A91CE1368B8D60018E595 /* dfa_symbol_translator.cpp */; };
		4B1A91D3136975B10018E595 /* symbol_table.cpp in Sources */ = {isa = PBXBuildFile; fileRef = 4B1A91D1136975AF0018E595 /* symbol_table.cpp */; };
		4B1A91D4136975B10018E595 /* symbol_table.h in Headers */ = {isa = PBXBuildFile; fileRef = 4B1A91D2136975B00018E595 /* symbol_table.h */; };
		4B1A91D71369B4EC0018E595 /* lexeme.cpp in Sources */ = {isa = PBXBuildFile; fileRef = 4B1A91D51369B4EA0018E595 /* lexeme.cpp */; };
		4B1A91D81369B4EC0018E595 /* lexeme.h in Headers */ = {isa = PBXBuildFile; fileRef = 4B1A91D61369B4EB0018E595 /* lexeme.h */; };
		4B1A91DB1369B7510018E595 /* position.cpp in Sources */ = {isa = PBXBuildFile; fileRef = 4B1A91D91369B74F0018E595 /* position.cpp */; };
		4B1A91DC1369B7510018E595 /* position.h in Headers */ = {isa = PBXBuildFile; fileRef = 4B1A91DA1369B7500018E595 /* position.h */; };
		4B1A91E7136A04C70018E595 /* basic_lexer.cpp in Sources */ = {isa = PBXBuildFile; fileRef = 4B1A91E5136A04C70018E595 /* basic_lexer.cpp */; };
		4B1A91E8136A04C70018E595 /* basic_lexer.h in Headers */ = {isa = PBXBuildFile; fileRef = 4B1A91E6136A04C70018E595 /* basic_lexer.h */; };
		4B1A91EC136A1A4E0018E595 /* lexer.cpp in Sources */ = {isa = PBXBuildFile; fileRef = 4B1A91EA136A1A4D0018E595 /* lexer.cpp */; };
		4B1A91ED136A1A4E0018E595 /* lexer.h in Headers */ = {isa = PBXBuildFile; fileRef = 4B1A91EB136A1A4D0018E595 /* lexer.h */; };
		4B1A91F2136A244D0018E595 /* dfa_single_regex.cpp in Sources */ = {isa = PBXBuildFile; fileRef = 4B1A91EE136A21F50018E595 /* dfa_single_regex.cpp */; };
		4B1A91F7136C201C0018E595 /* grammar.cpp in Sources */ = {isa = PBXBuildFile; fileRef = 4B1A91F5136C201C0018E595 /* grammar.cpp */; };
		4B1A91F8136C201C0018E595 /* grammar.h in Headers */ = {isa = PBXBuildFile; fileRef = 4B1A91F6136C201C0018E595 /* grammar.h */; };
		4B1A91FB136C207F0018E595 /* rule.cpp in Sources */ = {isa = PBXBuildFile; fileRef = 4B1A91F9136C207F0018E595 /* rule.cpp */; };
		4B1A91FC136C207F0018E595 /* rule.h in Headers */ = {isa = PBXBuildFile; fileRef = 4B1A91FA136C207F0018E595 /* rule.h */; };
		4B1A91FF136C217B0018E595 /* item.cpp in Sources */ = {isa = PBXBuildFile; fileRef = 4B1A91FD136C217B0018E595 /* item.cpp */; };
		4B1A9200136C217B0018E595 /* item.h in Headers */ = {isa = PBXBuildFile; fileRef = 4B1A91FE136C217B0018E595 /* item.h */; };
		4B1A9203136C4D280018E595 /* standard_items.cpp in Sources */ = {isa = PBXBuildFile; fileRef = 4B1A9201136C4D270018E595 /* standard_items.cpp */; };
		4B1A9204136C4D280018E595 /* standard_items.h in Headers */ = {isa = PBXBuildFile; fileRef = 4B1A9202136C4D270018E595 /* standard_items.h */; };
		4B1A9207136C5CC60018E595 /* ebnf_items.cpp in Sources */ = {isa = PBXBuildFile; fileRef = 4B1A9205136C5CC50018E595 /* ebnf_items.cpp */; };
		4B1A9208136C5CC60018E595 /* ebnf_items.h in Headers */ = {isa = PBXBuildFile; fileRef = 4B1A9206136C5CC60018E595 /* ebnf_items.h */; };
		4B1A920C136C794D0018E595 /* container.cpp in Sources */ = {isa = PBXBuildFile; fileRef = 4B1A920A136C794D0018E595 /* container.cpp */; };
		4B1A920D136C794D0018E595 /* container.h in Headers */ = {isa = PBXBuildFile; fileRef = 4B1A920B136C794D0018E595 /* container.h */; };
		4B1A9211136C97220018E595 /* contextfree_firstset.cpp in Sources */ = {isa = PBXBuildFile; fileRef = 4B1A920F136C97220018E595 /* contextfree_firstset.cpp */; };
		4BD7FE01132D05D600025433 /* Parse.h in Headers */ = {isa = PBXBuildFile; fileRef = 4BD7FE00132D05D600025433 /* Parse.h */; };
		4BD7FE04132D05D700025433 /* Parse.cp in Sources */ = {isa = PBXBuildFile; fileRef = 4BD7FE03132D05D600025433 /* Parse.cp */; };
		4BD7FE15132D08AA00025433 /* state.cpp in Sources */ = {isa = PBXBuildFile; fileRef = 4BD7FE13132D08AA00025433 /* state.cpp */; };
		4BD7FE16132D08AA00025433 /* state.h in Headers */ = {isa = PBXBuildFile; fileRef = 4BD7FE14132D08AA00025433 /* state.h */; };
		4BD7FE19132D098A00025433 /* transition.cpp in Sources */ = {isa = PBXBuildFile; fileRef = 4BD7FE17132D098900025433 /* transition.cpp */; };
		4BD7FE1A132D098A00025433 /* transition.h in Headers */ = {isa = PBXBuildFile; fileRef = 4BD7FE18132D098900025433 /* transition.h */; };
		4BD7FE25132D0E4B00025433 /* symbol_set.cpp in Sources */ = {isa = PBXBuildFile; fileRef = 4BD7FE23132D0E4B00025433 /* symbol_set.cpp */; };
		4BD7FE26132D0E4B00025433 /* symbol_set.h in Headers */ = {isa = PBXBuildFile; fileRef = 4BD7FE24132D0E4B00025433 /* symbol_set.h */; };
		4BD7FE29132D0ED600025433 /* range.cpp in Sources */ = {isa = PBXBuildFile; fileRef = 4BD7FE27132D0ED500025433 /* range.cpp */; };
		4BD7FE2A132D0ED600025433 /* range.h in Headers */ = {isa = PBXBuildFile; fileRef = 4BD7FE28132D0ED500025433 /* range.h */; };
		4BD7FE34132D4F1F00025433 /* main.cpp in Sources */ = {isa = PBXBuildFile; fileRef = 4BD7FE33132D4F1F00025433 /* main.cpp */; };
		4BD7FE39132D4F8200025433 /* Parse.dylib in Frameworks */ = {isa = PBXBuildFile; fileRef = 4BD7FDF9132D05D600025433 /* Parse.dylib */; };
		4BD7FE3C132D526C00025433 /* test_fixture.cpp in Sources */ = {isa = PBXBuildFile; fileRef = 4BD7FE3A132D526C00025433 /* test_fixture.cpp */; };
		4BD7FE3F132D53AF00025433 /* dfa_range.cpp in Sources */ = {isa = PBXBuildFile; fileRef = 4BD7FE3D132D53AF00025433 /* dfa_range.cpp */; };
		4BD7FE43132D5ABE00025433 /* dfa_symbol_set.cpp in Sources */ = {isa = PBXBuildFile; fileRef = 4BD7FE41132D5ABE00025433 /* dfa_symbol_set.cpp */; };
		4BD7FE461335127A00025433 /* symbol_map.cpp in Sources */ = {isa = PBXBuildFile; fileRef = 4BD7FE441335127800025433 /* symbol_map.cpp */; };
		4BD7FE471335127A00025433 /* symbol_map.h in Headers */ = {isa = PBXBuildFile; fileRef = 4BD7FE451335127900025433 /* symbol_map.h */; };
		4BF31978136D6B3E00C68ACB /* lr_item.cpp in Sources */ = {isa = PBXBuildFile; fileRef = 4BF31976136D6B3E00C68ACB /* lr_item.cpp */; };
		4BF31979136D6B3E00C68ACB /* lr_item.h in Headers */ = {isa = PBXBuildFile; fileRef = 4BF31977136D6B3E00C68ACB /* lr_item.h */; };
		4BF3197D136D9AE100C68ACB /* lr_state.cpp in Sources */ = {isa = PBXBuildFile; fileRef = 4BF3197B136D9AE100C68ACB /* lr_state.cpp */; };
		4BF3197E136D9AE100C68ACB /* lr_state.h in Headers */ = {isa = PBXBuildFile; fileRef = 4BF3197C136D9AE100C68ACB /* lr_state.h */; };
		4BF31981136DA5A000C68ACB /* lalr_state.cpp in Sources */ = {isa = PBXBuildFile; fileRef = 4BF3197F136DA5A000C68ACB /* lalr_state.cpp */; };
		4BF31982136DA5A000C68ACB /* lalr_state.h in Headers */ = {isa = PBXBuildFile; fileRef = 4BF31980136DA5A000C68ACB /* lalr_state.h */; };
		4BF31987136DBC0700C68ACB /* contextfree_followset.cpp in Sources */ = {isa = PBXBuildFile; fileRef = 4BF31983136DBA1100C68ACB /* contextfree_followset.cpp */; };
		4BF3198A136DEC4C00C68ACB /* lalr_machine.cpp in Sources */ = {isa = PBXBuildFile; fileRef = 4BF31988136DEC4C00C68ACB /* lalr_machine.cpp */; };
		4BF3198B136DEC4C00C68ACB /* lalr_machine.h in Headers */ = {isa = PBXBuildFile; fileRef = 4BF31989136DEC4C00C68ACB /* lalr_machine.h */; };
		4BF3198E136DFFD100C68ACB /* lalr_builder.cpp in Sources */ = {isa = PBXBuildFile; fileRef = 4BF3198C136DFFD100C68ACB /* lalr_builder.cpp */; };
		4BF3198F136DFFD100C68ACB /* lalr_builder.h in Headers */ = {isa = PBXBuildFile; fileRef = 4BF3198D136DFFD100C68ACB /* lalr_builder.h */; };
/* End PBXBuildFile section */

/* Begin PBXCopyFilesBuildPhase section */
		4BD7FE2E132D4F1E00025433 /* CopyFiles */ = {
			isa = PBXCopyFilesBuildPhase;
			buildActionMask = 2147483647;
			dstPath = /usr/share/man/man1/;
			dstSubfolderSpec = 0;
			files = (
			);
			runOnlyForDeploymentPostprocessing = 1;
		};
/* End PBXCopyFilesBuildPhase section */

/* Begin PBXFileReference section */
		4B1A91A51366FF1F0018E595 /* ndfa.cpp */ = {isa = PBXFileReference; fileEncoding = 4; lastKnownFileType = sourcecode.cpp.cpp; path = ndfa.cpp; sourceTree = "<group>"; };
		4B1A91A61366FF1F0018E595 /* ndfa.h */ = {isa = PBXFileReference; fileEncoding = 4; lastKnownFileType = sourcecode.c.h; path = ndfa.h; sourceTree = "<group>"; };
		4B1A91AA136707680018E595 /* accept_action.cpp */ = {isa = PBXFileReference; fileEncoding = 4; lastKnownFileType = sourcecode.cpp.cpp; path = accept_action.cpp; sourceTree = "<group>"; };
		4B1A91AB136707680018E595 /* accept_action.h */ = {isa = PBXFileReference; fileEncoding = 4; lastKnownFileType = sourcecode.c.h; path = accept_action.h; sourceTree = "<group>"; };
		4B1A91B213670BE30018E595 /* remapped_symbol_map.cpp */ = {isa = PBXFileReference; fileEncoding = 4; lastKnownFileType = sourcecode.cpp.cpp; path = remapped_symbol_map.cpp; sourceTree = "<group>"; };
		4B1A91B313670BE30018E595 /* remapped_symbol_map.h */ = {isa = PBXFileReference; fileEncoding = 4; lastKnownFileType = sourcecode.c.h; path = remapped_symbol_map.h; sourceTree = "<group>"; };
		4B1A91B6136720DE0018E595 /* dfa_symbol_deduplicate.cpp */ = {isa = PBXFileReference; fileEncoding = 4; lastKnownFileType = sourcecode.cpp.cpp; path = dfa_symbol_deduplicate.cpp; sourceTree = "<group>"; };
		4B1A91B7136720DE0018E595 /* dfa_symbol_deduplicate.h */ = {isa = PBXFileReference; fileEncoding = 4; lastKnownFileType = sourcecode.c.h; path = dfa_symbol_deduplicate.h; sourceTree = "<group>"; };
		4B1A91B9136821CB0018E595 /* epsilon.cpp */ = {isa = PBXFileReference; fileEncoding = 4; lastKnownFileType = sourcecode.cpp.cpp; path = epsilon.cpp; sourceTree = "<group>"; };
		4B1A91BA136821CB0018E595 /* epsilon.h */ = {isa = PBXFileReference; fileEncoding = 4; lastKnownFileType = sourcecode.c.h; path = epsilon.h; sourceTree = "<group>"; };
		4B1A91BD13682AAF0018E595 /* dfa_ndfa.cpp */ = {isa = PBXFileReference; fileEncoding = 4; lastKnownFileType = sourcecode.cpp.cpp; path = dfa_ndfa.cpp; sourceTree = "<group>"; };
		4B1A91BE13682AAF0018E595 /* dfa_ndfa.h */ = {isa = PBXFileReference; fileEncoding = 4; lastKnownFileType = sourcecode.c.h; path = dfa_ndfa.h; sourceTree = "<group>"; };
		4B1A91C2136858710018E595 /* ndfa_regex.cpp */ = {isa = PBXFileReference; fileEncoding = 4; lastKnownFileType = sourcecode.cpp.cpp; path = ndfa_regex.cpp; sourceTree = "<group>"; };
		4B1A91C3136858720018E595 /* ndfa_regex.h */ = {isa = PBXFileReference; fileEncoding = 4; lastKnownFileType = sourcecode.c.h; path = ndfa_regex.h; sourceTree = "<group>"; };
		4B1A91C613687C1E0018E595 /* state_machine.cpp */ = {isa = PBXFileReference; fileEncoding = 4; lastKnownFileType = sourcecode.cpp.cpp; path = state_machine.cpp; sourceTree = "<group>"; };
		4B1A91C713687C1E0018E595 /* state_machine.h */ = {isa = PBXFileReference; fileEncoding = 4; lastKnownFileType = sourcecode.c.h; path = state_machine.h; sourceTree = "<group>"; };
		4B1A91CA13688F3A0018E595 /* symbol_translator.cpp */ = {isa = PBXFileReference; fileEncoding = 4; lastKnownFileType = sourcecode.cpp.cpp; path = symbol_translator.cpp; sourceTree = "<group>"; };
		4B1A91CB13688F3A0018E595 /* symbol_translator.h */ = {isa = PBXFileReference; fileEncoding = 4; lastKnownFileType = sourcecode.c.h; path = symbol_translator.h; sourceTree = "<group>"; };
		4B1A91CE1368B8D60018E595 /* dfa_symbol_translator.cpp */ = {isa = PBXFileReference; fileEncoding = 4; lastKnownFileType = sourcecode.cpp.cpp; path = dfa_symbol_translator.cpp; sourceTree = "<group>"; };
		4B1A91CF1368B8D70018E595 /* dfa_symbol_translator.h */ = {isa = PBXFileReference; fileEncoding = 4; lastKnownFileType = sourcecode.c.h; path = dfa_symbol_translator.h; sourceTree = "<group>"; };
		4B1A91D1136975AF0018E595 /* symbol_table.cpp */ = {isa = PBXFileReference; fileEncoding = 4; lastKnownFileType = sourcecode.cpp.cpp; path = symbol_table.cpp; sourceTree = "<group>"; };
		4B1A91D2136975B00018E595 /* symbol_table.h */ = {isa = PBXFileReference; fileEncoding = 4; lastKnownFileType = sourcecode.c.h; path = symbol_table.h; sourceTree = "<group>"; };
		4B1A91D51369B4EA0018E595 /* lexeme.cpp */ = {isa = PBXFileReference; fileEncoding = 4; lastKnownFileType = sourcecode.cpp.cpp; path = lexeme.cpp; sourceTree = "<group>"; };
		4B1A91D61369B4EB0018E595 /* lexeme.h */ = {isa = PBXFileReference; fileEncoding = 4; lastKnownFileType = sourcecode.c.h; path = lexeme.h; sourceTree = "<group>"; };
		4B1A91D91369B74F0018E595 /* position.cpp */ = {isa = PBXFileReference; fileEncoding = 4; lastKnownFileType = sourcecode.cpp.cpp; path = position.cpp; sourceTree = "<group>"; };
		4B1A91DA1369B7500018E595 /* position.h */ = {isa = PBXFileReference; fileEncoding = 4; lastKnownFileType = sourcecode.c.h; path = position.h; sourceTree = "<group>"; };
		4B1A91E5136A04C70018E595 /* basic_lexer.cpp */ = {isa = PBXFileReference; fileEncoding = 4; lastKnownFileType = sourcecode.cpp.cpp; path = basic_lexer.cpp; sourceTree = "<group>"; };
		4B1A91E6136A04C70018E595 /* basic_lexer.h */ = {isa = PBXFileReference; fileEncoding = 4; lastKnownFileType = sourcecode.c.h; path = basic_lexer.h; sourceTree = "<group>"; };
		4B1A91EA136A1A4D0018E595 /* lexer.cpp */ = {isa = PBXFileReference; fileEncoding = 4; lastKnownFileType = sourcecode.cpp.cpp; path = lexer.cpp; sourceTree = "<group>"; };
		4B1A91EB136A1A4D0018E595 /* lexer.h */ = {isa = PBXFileReference; fileEncoding = 4; lastKnownFileType = sourcecode.c.h; path = lexer.h; sourceTree = "<group>"; };
		4B1A91EE136A21F50018E595 /* dfa_single_regex.cpp */ = {isa = PBXFileReference; fileEncoding = 4; lastKnownFileType = sourcecode.cpp.cpp; path = dfa_single_regex.cpp; sourceTree = "<group>"; };
		4B1A91EF136A21F50018E595 /* dfa_single_regex.h */ = {isa = PBXFileReference; fileEncoding = 4; lastKnownFileType = sourcecode.c.h; path = dfa_single_regex.h; sourceTree = "<group>"; };
		4B1A91F5136C201C0018E595 /* grammar.cpp */ = {isa = PBXFileReference; fileEncoding = 4; lastKnownFileType = sourcecode.cpp.cpp; path = grammar.cpp; sourceTree = "<group>"; };
		4B1A91F6136C201C0018E595 /* grammar.h */ = {isa = PBXFileReference; fileEncoding = 4; lastKnownFileType = sourcecode.c.h; path = grammar.h; sourceTree = "<group>"; };
		4B1A91F9136C207F0018E595 /* rule.cpp */ = {isa = PBXFileReference; fileEncoding = 4; lastKnownFileType = sourcecode.cpp.cpp; path = rule.cpp; sourceTree = "<group>"; };
		4B1A91FA136C207F0018E595 /* rule.h */ = {isa = PBXFileReference; fileEncoding = 4; lastKnownFileType = sourcecode.c.h; path = rule.h; sourceTree = "<group>"; };
		4B1A91FD136C217B0018E595 /* item.cpp */ = {isa = PBXFileReference; fileEncoding = 4; lastKnownFileType = sourcecode.cpp.cpp; path = item.cpp; sourceTree = "<group>"; };
		4B1A91FE136C217B0018E595 /* item.h */ = {isa = PBXFileReference; fileEncoding = 4; lastKnownFileType = sourcecode.c.h; path = item.h; sourceTree = "<group>"; };
		4B1A9201136C4D270018E595 /* standard_items.cpp */ = {isa = PBXFileReference; fileEncoding = 4; lastKnownFileType = sourcecode.cpp.cpp; path = standard_items.cpp; sourceTree = "<group>"; };
		4B1A9202136C4D270018E595 /* standard_items.h */ = {isa = PBXFileReference; fileEncoding = 4; lastKnownFileType = sourcecode.c.h; path = standard_items.h; sourceTree = "<group>"; };
		4B1A9205136C5CC50018E595 /* ebnf_items.cpp */ = {isa = PBXFileReference; fileEncoding = 4; lastKnownFileType = sourcecode.cpp.cpp; path = ebnf_items.cpp; sourceTree = "<group>"; };
		4B1A9206136C5CC60018E595 /* ebnf_items.h */ = {isa = PBXFileReference; fileEncoding = 4; lastKnownFileType = sourcecode.c.h; path = ebnf_items.h; sourceTree = "<group>"; };
		4B1A920A136C794D0018E595 /* container.cpp */ = {isa = PBXFileReference; fileEncoding = 4; lastKnownFileType = sourcecode.cpp.cpp; path = container.cpp; sourceTree = "<group>"; };
		4B1A920B136C794D0018E595 /* container.h */ = {isa = PBXFileReference; fileEncoding = 4; lastKnownFileType = sourcecode.c.h; path = container.h; sourceTree = "<group>"; };
		4B1A920F136C97220018E595 /* contextfree_firstset.cpp */ = {isa = PBXFileReference; fileEncoding = 4; lastKnownFileType = sourcecode.cpp.cpp; path = contextfree_firstset.cpp; sourceTree = "<group>"; };
		4B1A9210136C97220018E595 /* contextfree_firstset.h */ = {isa = PBXFileReference; fileEncoding = 4; lastKnownFileType = sourcecode.c.h; path = contextfree_firstset.h; sourceTree = "<group>"; };
		4BD7FDF9132D05D600025433 /* Parse.dylib */ = {isa = PBXFileReference; explicitFileType = "compiled.mach-o.dylib"; includeInIndex = 0; path = Parse.dylib; sourceTree = BUILT_PRODUCTS_DIR; };
		4BD7FDFD132D05D600025433 /* Parse-Prefix.pch */ = {isa = PBXFileReference; lastKnownFileType = sourcecode.c.h; name = "Parse-Prefix.pch"; path = "Parse/Parse-Prefix.pch"; sourceTree = "<group>"; };
		4BD7FDFE132D05D600025433 /* ParseProj.xcconfig */ = {isa = PBXFileReference; lastKnownFileType = text.xcconfig; path = ParseProj.xcconfig; sourceTree = "<group>"; };
		4BD7FDFF132D05D600025433 /* ParseTarget.xcconfig */ = {isa = PBXFileReference; lastKnownFileType = text.xcconfig; path = ParseTarget.xcconfig; sourceTree = "<group>"; };
		4BD7FE00132D05D600025433 /* Parse.h */ = {isa = PBXFileReference; lastKnownFileType = sourcecode.c.h; path = Parse.h; sourceTree = "<group>"; };
		4BD7FE02132D05D600025433 /* ParsePriv.h */ = {isa = PBXFileReference; lastKnownFileType = sourcecode.c.h; path = ParsePriv.h; sourceTree = "<group>"; };
		4BD7FE03132D05D600025433 /* Parse.cp */ = {isa = PBXFileReference; lastKnownFileType = sourcecode.cpp.cpp; path = Parse.cp; sourceTree = "<group>"; };
		4BD7FE13132D08AA00025433 /* state.cpp */ = {isa = PBXFileReference; fileEncoding = 4; lastKnownFileType = sourcecode.cpp.cpp; path = state.cpp; sourceTree = "<group>"; };
		4BD7FE14132D08AA00025433 /* state.h */ = {isa = PBXFileReference; fileEncoding = 4; lastKnownFileType = sourcecode.c.h; path = state.h; sourceTree = "<group>"; };
		4BD7FE17132D098900025433 /* transition.cpp */ = {isa = PBXFileReference; fileEncoding = 4; lastKnownFileType = sourcecode.cpp.cpp; path = transition.cpp; sourceTree = "<group>"; };
		4BD7FE18132D098900025433 /* transition.h */ = {isa = PBXFileReference; fileEncoding = 4; lastKnownFileType = sourcecode.c.h; path = transition.h; sourceTree = "<group>"; };
		4BD7FE23132D0E4B00025433 /* symbol_set.cpp */ = {isa = PBXFileReference; fileEncoding = 4; lastKnownFileType = sourcecode.cpp.cpp; path = symbol_set.cpp; sourceTree = "<group>"; };
		4BD7FE24132D0E4B00025433 /* symbol_set.h */ = {isa = PBXFileReference; fileEncoding = 4; lastKnownFileType = sourcecode.c.h; path = symbol_set.h; sourceTree = "<group>"; };
		4BD7FE27132D0ED500025433 /* range.cpp */ = {isa = PBXFileReference; fileEncoding = 4; lastKnownFileType = sourcecode.cpp.cpp; path = range.cpp; sourceTree = "<group>"; };
		4BD7FE28132D0ED500025433 /* range.h */ = {isa = PBXFileReference; fileEncoding = 4; lastKnownFileType = sourcecode.c.h; path = range.h; sourceTree = "<group>"; };
		4BD7FE30132D4F1E00025433 /* Test */ = {isa = PBXFileReference; explicitFileType = "compiled.mach-o.executable"; includeInIndex = 0; path = Test; sourceTree = BUILT_PRODUCTS_DIR; };
		4BD7FE33132D4F1F00025433 /* main.cpp */ = {isa = PBXFileReference; lastKnownFileType = sourcecode.cpp.cpp; path = main.cpp; sourceTree = "<group>"; };
		4BD7FE3A132D526C00025433 /* test_fixture.cpp */ = {isa = PBXFileReference; fileEncoding = 4; lastKnownFileType = sourcecode.cpp.cpp; path = test_fixture.cpp; sourceTree = "<group>"; };
		4BD7FE3B132D526C00025433 /* test_fixture.h */ = {isa = PBXFileReference; fileEncoding = 4; lastKnownFileType = sourcecode.c.h; path = test_fixture.h; sourceTree = "<group>"; };
		4BD7FE3D132D53AF00025433 /* dfa_range.cpp */ = {isa = PBXFileReference; fileEncoding = 4; lastKnownFileType = sourcecode.cpp.cpp; path = dfa_range.cpp; sourceTree = "<group>"; };
		4BD7FE3E132D53AF00025433 /* dfa_range.h */ = {isa = PBXFileReference; fileEncoding = 4; lastKnownFileType = sourcecode.c.h; path = dfa_range.h; sourceTree = "<group>"; };
		4BD7FE41132D5ABE00025433 /* dfa_symbol_set.cpp */ = {isa = PBXFileReference; fileEncoding = 4; lastKnownFileType = sourcecode.cpp.cpp; path = dfa_symbol_set.cpp; sourceTree = "<group>"; };
		4BD7FE42132D5ABE00025433 /* dfa_symbol_set.h */ = {isa = PBXFileReference; fileEncoding = 4; lastKnownFileType = sourcecode.c.h; path = dfa_symbol_set.h; sourceTree = "<group>"; };
		4BD7FE441335127800025433 /* symbol_map.cpp */ = {isa = PBXFileReference; fileEncoding = 4; lastKnownFileType = sourcecode.cpp.cpp; path = symbol_map.cpp; sourceTree = "<group>"; };
		4BD7FE451335127900025433 /* symbol_map.h */ = {isa = PBXFileReference; fileEncoding = 4; lastKnownFileType = sourcecode.c.h; path = symbol_map.h; sourceTree = "<group>"; };
		4BF31976136D6B3E00C68ACB /* lr_item.cpp */ = {isa = PBXFileReference; fileEncoding = 4; lastKnownFileType = sourcecode.cpp.cpp; path = lr_item.cpp; sourceTree = "<group>"; };
		4BF31977136D6B3E00C68ACB /* lr_item.h */ = {isa = PBXFileReference; fileEncoding = 4; lastKnownFileType = sourcecode.c.h; path = lr_item.h; sourceTree = "<group>"; };
		4BF3197B136D9AE100C68ACB /* lr_state.cpp */ = {isa = PBXFileReference; fileEncoding = 4; lastKnownFileType = sourcecode.cpp.cpp; path = lr_state.cpp; sourceTree = "<group>"; };
		4BF3197C136D9AE100C68ACB /* lr_state.h */ = {isa = PBXFileReference; fileEncoding = 4; lastKnownFileType = sourcecode.c.h; path = lr_state.h; sourceTree = "<group>"; };
		4BF3197F136DA5A000C68ACB /* lalr_state.cpp */ = {isa = PBXFileReference; fileEncoding = 4; lastKnownFileType = sourcecode.cpp.cpp; path = lalr_state.cpp; sourceTree = "<group>"; };
		4BF31980136DA5A000C68ACB /* lalr_state.h */ = {isa = PBXFileReference; fileEncoding = 4; lastKnownFileType = sourcecode.c.h; path = lalr_state.h; sourceTree = "<group>"; };
		4BF31983136DBA1100C68ACB /* contextfree_followset.cpp */ = {isa = PBXFileReference; fileEncoding = 4; lastKnownFileType = sourcecode.cpp.cpp; path = contextfree_followset.cpp; sourceTree = "<group>"; };
		4BF31984136DBA1100C68ACB /* contextfree_followset.h */ = {isa = PBXFileReference; fileEncoding = 4; lastKnownFileType = sourcecode.c.h; path = contextfree_followset.h; sourceTree = "<group>"; };
		4BF31988136DEC4C00C68ACB /* lalr_machine.cpp */ = {isa = PBXFileReference; fileEncoding = 4; lastKnownFileType = sourcecode.cpp.cpp; path = lalr_machine.cpp; sourceTree = "<group>"; };
		4BF31989136DEC4C00C68ACB /* lalr_machine.h */ = {isa = PBXFileReference; fileEncoding = 4; lastKnownFileType = sourcecode.c.h; path = lalr_machine.h; sourceTree = "<group>"; };
		4BF3198C136DFFD100C68ACB /* lalr_builder.cpp */ = {isa = PBXFileReference; fileEncoding = 4; lastKnownFileType = sourcecode.cpp.cpp; path = lalr_builder.cpp; sourceTree = "<group>"; };
		4BF3198D136DFFD100C68ACB /* lalr_builder.h */ = {isa = PBXFileReference; fileEncoding = 4; lastKnownFileType = sourcecode.c.h; path = lalr_builder.h; sourceTree = "<group>"; };
/* End PBXFileReference section */

/* Begin PBXFrameworksBuildPhase section */
		4BD7FDF6132D05D600025433 /* Frameworks */ = {
			isa = PBXFrameworksBuildPhase;
			buildActionMask = 2147483647;
			files = (
			);
			runOnlyForDeploymentPostprocessing = 0;
		};
		4BD7FE2D132D4F1E00025433 /* Frameworks */ = {
			isa = PBXFrameworksBuildPhase;
			buildActionMask = 2147483647;
			files = (
				4BD7FE39132D4F8200025433 /* Parse.dylib in Frameworks */,
			);
			runOnlyForDeploymentPostprocessing = 0;
		};
/* End PBXFrameworksBuildPhase section */

/* Begin PBXGroup section */
		4B1A91F3136C1FEF0018E595 /* ContextFree */ = {
			isa = PBXGroup;
			children = (
				4B1A91F5136C201C0018E595 /* grammar.cpp */,
				4B1A91F6136C201C0018E595 /* grammar.h */,
				4B1A91F9136C207F0018E595 /* rule.cpp */,
				4B1A91FA136C207F0018E595 /* rule.h */,
				4B1A91FD136C217B0018E595 /* item.cpp */,
				4B1A91FE136C217B0018E595 /* item.h */,
				4B1A9201136C4D270018E595 /* standard_items.cpp */,
				4B1A9202136C4D270018E595 /* standard_items.h */,
				4B1A9205136C5CC50018E595 /* ebnf_items.cpp */,
				4B1A9206136C5CC60018E595 /* ebnf_items.h */,
			);
			path = ContextFree;
			sourceTree = "<group>";
		};
		4B1A91F4136C1FF00018E595 /* Lr */ = {
			isa = PBXGroup;
			children = (
				4BF31976136D6B3E00C68ACB /* lr_item.cpp */,
				4BF31977136D6B3E00C68ACB /* lr_item.h */,
				4BF3197B136D9AE100C68ACB /* lr_state.cpp */,
				4BF3197C136D9AE100C68ACB /* lr_state.h */,
				4BF3197F136DA5A000C68ACB /* lalr_state.cpp */,
				4BF31980136DA5A000C68ACB /* lalr_state.h */,
				4BF31988136DEC4C00C68ACB /* lalr_machine.cpp */,
				4BF31989136DEC4C00C68ACB /* lalr_machine.h */,
				4BF3198C136DFFD100C68ACB /* lalr_builder.cpp */,
				4BF3198D136DFFD100C68ACB /* lalr_builder.h */,
			);
			path = Lr;
			sourceTree = "<group>";
		};
		4B1A9209136C79410018E595 /* Util */ = {
			isa = PBXGroup;
			children = (
				4B1A920A136C794D0018E595 /* container.cpp */,
				4B1A920B136C794D0018E595 /* container.h */,
			);
			path = Util;
			sourceTree = "<group>";
		};
		4B1A920E136C96250018E595 /* ContextFree */ = {
			isa = PBXGroup;
			children = (
				4B1A920F136C97220018E595 /* contextfree_firstset.cpp */,
				4B1A9210136C97220018E595 /* contextfree_firstset.h */,
				4BF31983136DBA1100C68ACB /* contextfree_followset.cpp */,
				4BF31984136DBA1100C68ACB /* contextfree_followset.h */,
			);
			name = ContextFree;
			sourceTree = "<group>";
		};
		4BD7FDEE132D05D600025433 = {
			isa = PBXGroup;
			children = (
				4BD7FDFD132D05D600025433 /* Parse-Prefix.pch */,
				4B1A9209136C79410018E595 /* Util */,
				4BD7FE12132D087800025433 /* Dfa */,
				4B1A91F3136C1FEF0018E595 /* ContextFree */,
				4B1A91F4136C1FF00018E595 /* Lr */,
				4BD7FDFB132D05D600025433 /* Parse */,
				4BD7FE32132D4F1F00025433 /* Test */,
				4BD7FDFA132D05D600025433 /* Products */,
			);
			sourceTree = "<group>";
		};
		4BD7FDFA132D05D600025433 /* Products */ = {
			isa = PBXGroup;
			children = (
				4BD7FE30132D4F1E00025433 /* Test */,
			);
			name = Products;
			sourceTree = "<group>";
		};
		4BD7FDFB132D05D600025433 /* Parse */ = {
			isa = PBXGroup;
			children = (
				4BD7FDFE132D05D600025433 /* ParseProj.xcconfig */,
				4BD7FDFF132D05D600025433 /* ParseTarget.xcconfig */,
				4BD7FE00132D05D600025433 /* Parse.h */,
				4BD7FE02132D05D600025433 /* ParsePriv.h */,
				4BD7FE03132D05D600025433 /* Parse.cp */,
			);
			path = Parse;
			sourceTree = "<group>";
		};
		4BD7FE12132D087800025433 /* Dfa */ = {
			isa = PBXGroup;
			children = (
				4B1A91C613687C1E0018E595 /* state_machine.cpp */,
				4B1A91C713687C1E0018E595 /* state_machine.h */,
				4B1A91CA13688F3A0018E595 /* symbol_translator.cpp */,
				4B1A91CB13688F3A0018E595 /* symbol_translator.h */,
				4B1A91D1136975AF0018E595 /* symbol_table.cpp */,
				4B1A91D2136975B00018E595 /* symbol_table.h */,
				4B1A91C2136858710018E595 /* ndfa_regex.cpp */,
				4B1A91C3136858720018E595 /* ndfa_regex.h */,
				4B1A91A51366FF1F0018E595 /* ndfa.cpp */,
				4B1A91A61366FF1F0018E595 /* ndfa.h */,
				4B1A91AA136707680018E595 /* accept_action.cpp */,
				4B1A91AB136707680018E595 /* accept_action.h */,
				4BD7FE13132D08AA00025433 /* state.cpp */,
				4BD7FE14132D08AA00025433 /* state.h */,
				4BD7FE17132D098900025433 /* transition.cpp */,
				4BD7FE18132D098900025433 /* transition.h */,
				4B1A91B213670BE30018E595 /* remapped_symbol_map.cpp */,
				4B1A91B313670BE30018E595 /* remapped_symbol_map.h */,
				4BD7FE441335127800025433 /* symbol_map.cpp */,
				4BD7FE451335127900025433 /* symbol_map.h */,
				4B1A91B9136821CB0018E595 /* epsilon.cpp */,
				4B1A91BA136821CB0018E595 /* epsilon.h */,
				4BD7FE23132D0E4B00025433 /* symbol_set.cpp */,
				4BD7FE24132D0E4B00025433 /* symbol_set.h */,
				4BD7FE27132D0ED500025433 /* range.cpp */,
				4BD7FE28132D0ED500025433 /* range.h */,
				4B1A91D51369B4EA0018E595 /* lexeme.cpp */,
				4B1A91D61369B4EB0018E595 /* lexeme.h */,
				4B1A91D91369B74F0018E595 /* position.cpp */,
				4B1A91DA1369B7500018E595 /* position.h */,
				4B1A91E5136A04C70018E595 /* basic_lexer.cpp */,
				4B1A91E6136A04C70018E595 /* basic_lexer.h */,
				4B1A91EA136A1A4D0018E595 /* lexer.cpp */,
				4B1A91EB136A1A4D0018E595 /* lexer.h */,
			);
			path = Dfa;
			sourceTree = "<group>";
		};
		4BD7FE32132D4F1F00025433 /* Test */ = {
			isa = PBXGroup;
			children = (
				4BD7FE33132D4F1F00025433 /* main.cpp */,
				4BD7FDF9132D05D600025433 /* Parse.dylib */,
				4BD7FE3A132D526C00025433 /* test_fixture.cpp */,
				4BD7FE3B132D526C00025433 /* test_fixture.h */,
				4BD7FE40132D547E00025433 /* Dfa */,
				4B1A920E136C96250018E595 /* ContextFree */,
			);
			path = Test;
			sourceTree = "<group>";
		};
		4BD7FE40132D547E00025433 /* Dfa */ = {
			isa = PBXGroup;
			children = (
				4BD7FE3D132D53AF00025433 /* dfa_range.cpp */,
				4BD7FE3E132D53AF00025433 /* dfa_range.h */,
				4BD7FE41132D5ABE00025433 /* dfa_symbol_set.cpp */,
				4BD7FE42132D5ABE00025433 /* dfa_symbol_set.h */,
				4B1A91B6136720DE0018E595 /* dfa_symbol_deduplicate.cpp */,
				4B1A91B7136720DE0018E595 /* dfa_symbol_deduplicate.h */,
				4B1A91BD13682AAF0018E595 /* dfa_ndfa.cpp */,
				4B1A91BE13682AAF0018E595 /* dfa_ndfa.h */,
				4B1A91CE1368B8D60018E595 /* dfa_symbol_translator.cpp */,
				4B1A91CF1368B8D70018E595 /* dfa_symbol_translator.h */,
				4B1A91EE136A21F50018E595 /* dfa_single_regex.cpp */,
				4B1A91EF136A21F50018E595 /* dfa_single_regex.h */,
			);
			name = Dfa;
			sourceTree = "<group>";
		};
/* End PBXGroup section */

/* Begin PBXHeadersBuildPhase section */
		4BD7FDF7132D05D600025433 /* Headers */ = {
			isa = PBXHeadersBuildPhase;
			buildActionMask = 2147483647;
			files = (
				4BD7FE01132D05D600025433 /* Parse.h in Headers */,
				4BD7FE16132D08AA00025433 /* state.h in Headers */,
				4BD7FE1A132D098A00025433 /* transition.h in Headers */,
				4BD7FE26132D0E4B00025433 /* symbol_set.h in Headers */,
				4BD7FE2A132D0ED600025433 /* range.h in Headers */,
				4BD7FE471335127A00025433 /* symbol_map.h in Headers */,
				4B1A91A81366FF1F0018E595 /* ndfa.h in Headers */,
				4B1A91AD136707680018E595 /* accept_action.h in Headers */,
				4B1A91B513670BE30018E595 /* remapped_symbol_map.h in Headers */,
				4B1A91BC136821CB0018E595 /* epsilon.h in Headers */,
				4B1A91C5136858720018E595 /* ndfa_regex.h in Headers */,
				4B1A91C913687C1F0018E595 /* state_machine.h in Headers */,
				4B1A91CD13688F3B0018E595 /* symbol_translator.h in Headers */,
				4B1A91D4136975B10018E595 /* symbol_table.h in Headers */,
				4B1A91D81369B4EC0018E595 /* lexeme.h in Headers */,
				4B1A91DC1369B7510018E595 /* position.h in Headers */,
				4B1A91E8136A04C70018E595 /* basic_lexer.h in Headers */,
				4B1A91ED136A1A4E0018E595 /* lexer.h in Headers */,
				4B1A91F8136C201C0018E595 /* grammar.h in Headers */,
				4B1A91FC136C207F0018E595 /* rule.h in Headers */,
				4B1A9200136C217B0018E595 /* item.h in Headers */,
				4B1A9204136C4D280018E595 /* standard_items.h in Headers */,
				4B1A9208136C5CC60018E595 /* ebnf_items.h in Headers */,
				4B1A920D136C794D0018E595 /* container.h in Headers */,
				4BF31979136D6B3E00C68ACB /* lr_item.h in Headers */,
				4BF3197E136D9AE100C68ACB /* lr_state.h in Headers */,
				4BF31982136DA5A000C68ACB /* lalr_state.h in Headers */,
				4BF3198B136DEC4C00C68ACB /* lalr_machine.h in Headers */,
				4BF3198F136DFFD100C68ACB /* lalr_builder.h in Headers */,
			);
			runOnlyForDeploymentPostprocessing = 0;
		};
/* End PBXHeadersBuildPhase section */

/* Begin PBXNativeTarget section */
		4BD7FDF8132D05D600025433 /* Parse */ = {
			isa = PBXNativeTarget;
			buildConfigurationList = 4BD7FE07132D05D700025433 /* Build configuration list for PBXNativeTarget "Parse" */;
			buildPhases = (
				4BD7FDF5132D05D600025433 /* Sources */,
				4BD7FDF6132D05D600025433 /* Frameworks */,
				4BD7FDF7132D05D600025433 /* Headers */,
			);
			buildRules = (
			);
			dependencies = (
			);
			name = Parse;
			productName = Parse;
			productReference = 4BD7FDF9132D05D600025433 /* Parse.dylib */;
			productType = "com.apple.product-type.library.dynamic";
		};
		4BD7FE2F132D4F1E00025433 /* Test */ = {
			isa = PBXNativeTarget;
			buildConfigurationList = 4BD7FE36132D4F1F00025433 /* Build configuration list for PBXNativeTarget "Test" */;
			buildPhases = (
				4BD7FE2C132D4F1E00025433 /* Sources */,
				4BD7FE2D132D4F1E00025433 /* Frameworks */,
				4BD7FE2E132D4F1E00025433 /* CopyFiles */,
			);
			buildRules = (
			);
			dependencies = (
			);
			name = Test;
			productName = Test;
			productReference = 4BD7FE30132D4F1E00025433 /* Test */;
			productType = "com.apple.product-type.tool";
		};
/* End PBXNativeTarget section */

/* Begin PBXProject section */
		4BD7FDF0132D05D600025433 /* Project object */ = {
			isa = PBXProject;
			buildConfigurationList = 4BD7FDF3132D05D600025433 /* Build configuration list for PBXProject "Parse" */;
			compatibilityVersion = "Xcode 3.2";
			developmentRegion = English;
			hasScannedForEncodings = 0;
			knownRegions = (
				en,
			);
			mainGroup = 4BD7FDEE132D05D600025433;
			productRefGroup = 4BD7FDFA132D05D600025433 /* Products */;
			projectDirPath = "";
			projectRoot = "";
			targets = (
				4BD7FDF8132D05D600025433 /* Parse */,
				4BD7FE2F132D4F1E00025433 /* Test */,
			);
		};
/* End PBXProject section */

/* Begin PBXSourcesBuildPhase section */
		4BD7FDF5132D05D600025433 /* Sources */ = {
			isa = PBXSourcesBuildPhase;
			buildActionMask = 2147483647;
			files = (
				4BD7FE04132D05D700025433 /* Parse.cp in Sources */,
				4BD7FE15132D08AA00025433 /* state.cpp in Sources */,
				4BD7FE19132D098A00025433 /* transition.cpp in Sources */,
				4BD7FE25132D0E4B00025433 /* symbol_set.cpp in Sources */,
				4BD7FE29132D0ED600025433 /* range.cpp in Sources */,
				4BD7FE461335127A00025433 /* symbol_map.cpp in Sources */,
				4B1A91A71366FF1F0018E595 /* ndfa.cpp in Sources */,
				4B1A91AC136707680018E595 /* accept_action.cpp in Sources */,
				4B1A91B413670BE30018E595 /* remapped_symbol_map.cpp in Sources */,
				4B1A91BB136821CB0018E595 /* epsilon.cpp in Sources */,
				4B1A91C4136858720018E595 /* ndfa_regex.cpp in Sources */,
				4B1A91C813687C1F0018E595 /* state_machine.cpp in Sources */,
				4B1A91CC13688F3B0018E595 /* symbol_translator.cpp in Sources */,
				4B1A91D3136975B10018E595 /* symbol_table.cpp in Sources */,
				4B1A91D71369B4EC0018E595 /* lexeme.cpp in Sources */,
				4B1A91DB1369B7510018E595 /* position.cpp in Sources */,
				4B1A91E7136A04C70018E595 /* basic_lexer.cpp in Sources */,
				4B1A91EC136A1A4E0018E595 /* lexer.cpp in Sources */,
				4B1A91F7136C201C0018E595 /* grammar.cpp in Sources */,
				4B1A91FB136C207F0018E595 /* rule.cpp in Sources */,
				4B1A91FF136C217B0018E595 /* item.cpp in Sources */,
				4B1A9203136C4D280018E595 /* standard_items.cpp in Sources */,
				4B1A9207136C5CC60018E595 /* ebnf_items.cpp in Sources */,
				4B1A920C136C794D0018E595 /* container.cpp in Sources */,
				4BF31978136D6B3E00C68ACB /* lr_item.cpp in Sources */,
				4BF3197D136D9AE100C68ACB /* lr_state.cpp in Sources */,
				4BF31981136DA5A000C68ACB /* lalr_state.cpp in Sources */,
				4BF3198A136DEC4C00C68ACB /* lalr_machine.cpp in Sources */,
				4BF3198E136DFFD100C68ACB /* lalr_builder.cpp in Sources */,
			);
			runOnlyForDeploymentPostprocessing = 0;
		};
		4BD7FE2C132D4F1E00025433 /* Sources */ = {
			isa = PBXSourcesBuildPhase;
			buildActionMask = 2147483647;
			files = (
				4BD7FE34132D4F1F00025433 /* main.cpp in Sources */,
				4BD7FE3C132D526C00025433 /* test_fixture.cpp in Sources */,
				4BD7FE3F132D53AF00025433 /* dfa_range.cpp in Sources */,
				4BD7FE43132D5ABE00025433 /* dfa_symbol_set.cpp in Sources */,
				4B1A91B8136720DE0018E595 /* dfa_symbol_deduplicate.cpp in Sources */,
				4B1A91C113682E050018E595 /* dfa_ndfa.cpp in Sources */,
				4B1A91D01368B8D70018E595 /* dfa_symbol_translator.cpp in Sources */,
				4B1A91F2136A244D0018E595 /* dfa_single_regex.cpp in Sources */,
				4B1A9211136C97220018E595 /* contextfree_firstset.cpp in Sources */,
				4BF31987136DBC0700C68ACB /* contextfree_followset.cpp in Sources */,
			);
			runOnlyForDeploymentPostprocessing = 0;
		};
/* End PBXSourcesBuildPhase section */

/* Begin XCBuildConfiguration section */
		4BD7FE05132D05D700025433 /* Debug */ = {
			isa = XCBuildConfiguration;
			buildSettings = {
				ARCHS = "$(ARCHS_STANDARD_32_64_BIT)";
				GCC_C_LANGUAGE_STANDARD = gnu99;
				GCC_OPTIMIZATION_LEVEL = 0;
				GCC_PREPROCESSOR_DEFINITIONS = DEBUG;
				GCC_SYMBOLS_PRIVATE_EXTERN = NO;
				GCC_VERSION = com.apple.compilers.llvm.clang.1_0;
				GCC_WARN_64_TO_32_BIT_CONVERSION = YES;
				GCC_WARN_ABOUT_RETURN_TYPE = YES;
				GCC_WARN_UNUSED_VARIABLE = YES;
				HEADER_SEARCH_PATHS = "$(SRCROOT)";
				MACOSX_DEPLOYMENT_TARGET = 10.6;
				ONLY_ACTIVE_ARCH = YES;
				SDKROOT = macosx;
			};
			name = Debug;
		};
		4BD7FE06132D05D700025433 /* Release */ = {
			isa = XCBuildConfiguration;
			buildSettings = {
				ARCHS = "$(ARCHS_STANDARD_32_64_BIT)";
				GCC_C_LANGUAGE_STANDARD = gnu99;
				GCC_VERSION = com.apple.compilers.llvm.clang.1_0;
				GCC_WARN_64_TO_32_BIT_CONVERSION = YES;
				GCC_WARN_ABOUT_RETURN_TYPE = YES;
				GCC_WARN_UNUSED_VARIABLE = YES;
				HEADER_SEARCH_PATHS = "$(SRCROOT)";
				MACOSX_DEPLOYMENT_TARGET = 10.6;
				SDKROOT = macosx;
			};
			name = Release;
		};
		4BD7FE08132D05D700025433 /* Debug */ = {
			isa = XCBuildConfiguration;
			buildSettings = {
				ALWAYS_SEARCH_USER_PATHS = NO;
				COPY_PHASE_STRIP = NO;
				GCC_DYNAMIC_NO_PIC = NO;
				GCC_ENABLE_OBJC_EXCEPTIONS = YES;
				PRODUCT_NAME = "$(TARGET_NAME)";
			};
			name = Debug;
		};
		4BD7FE09132D05D700025433 /* Release */ = {
			isa = XCBuildConfiguration;
			buildSettings = {
				ALWAYS_SEARCH_USER_PATHS = NO;
				COPY_PHASE_STRIP = YES;
				DEBUG_INFORMATION_FORMAT = "dwarf-with-dsym";
				GCC_ENABLE_OBJC_EXCEPTIONS = YES;
				PRODUCT_NAME = "$(TARGET_NAME)";
			};
			name = Release;
		};
		4BD7FE37132D4F1F00025433 /* Debug */ = {
			isa = XCBuildConfiguration;
			buildSettings = {
				ALWAYS_SEARCH_USER_PATHS = NO;
				COPY_PHASE_STRIP = NO;
				GCC_DYNAMIC_NO_PIC = NO;
				GCC_ENABLE_OBJC_EXCEPTIONS = YES;
				PRODUCT_NAME = "$(TARGET_NAME)";
			};
			name = Debug;
		};
		4BD7FE38132D4F1F00025433 /* Release */ = {
			isa = XCBuildConfiguration;
			buildSettings = {
				ALWAYS_SEARCH_USER_PATHS = NO;
				COPY_PHASE_STRIP = YES;
				DEBUG_INFORMATION_FORMAT = "dwarf-with-dsym";
				GCC_ENABLE_OBJC_EXCEPTIONS = YES;
				PRODUCT_NAME = "$(TARGET_NAME)";
			};
			name = Release;
		};
/* End XCBuildConfiguration section */

/* Begin XCConfigurationList section */
		4BD7FDF3132D05D600025433 /* Build configuration list for PBXProject "Parse" */ = {
			isa = XCConfigurationList;
			buildConfigurations = (
				4BD7FE05132D05D700025433 /* Debug */,
				4BD7FE06132D05D700025433 /* Release */,
			);
			defaultConfigurationIsVisible = 0;
			defaultConfigurationName = Release;
		};
		4BD7FE07132D05D700025433 /* Build configuration list for PBXNativeTarget "Parse" */ = {
			isa = XCConfigurationList;
			buildConfigurations = (
				4BD7FE08132D05D700025433 /* Debug */,
				4BD7FE09132D05D700025433 /* Release */,
			);
			defaultConfigurationIsVisible = 0;
			defaultConfigurationName = Release;
		};
		4BD7FE36132D4F1F00025433 /* Build configuration list for PBXNativeTarget "Test" */ = {
			isa = XCConfigurationList;
			buildConfigurations = (
				4BD7FE37132D4F1F00025433 /* Debug */,
				4BD7FE38132D4F1F00025433 /* Release */,
			);
			defaultConfigurationIsVisible = 0;
			defaultConfigurationName = Release;
		};
/* End XCConfigurationList section */
	};
	rootObject = 4BD7FDF0132D05D600025433 /* Project object */;
}
